// !$*UTF8*$!
{
	archiveVersion = 1;
	classes = {
	};
	objectVersion = 46;
	objects = {

/* Begin PBXBuildFile section */
		F5A725181C7941A70022C45A /* main.c in Sources */ = {isa = PBXBuildFile; fileRef = F5A725171C7941A70022C45A /* main.c */; };
		F5A725201C7942E50022C45A /* Stack.c in Sources */ = {isa = PBXBuildFile; fileRef = F5A7251E1C7942E50022C45A /* Stack.c */; };
		F5A725231C7944090022C45A /* Element.c in Sources */ = {isa = PBXBuildFile; fileRef = F5A725211C7944090022C45A /* Element.c */; };
		F5AF92E81C7AB30000543CA2 /* Queue.c in Sources */ = {isa = PBXBuildFile; fileRef = F5AF92E61C7AB30000543CA2 /* Queue.c */; };
/* End PBXBuildFile section */

/* Begin PBXCopyFilesBuildPhase section */
		F5A725121C7941A70022C45A /* CopyFiles */ = {
			isa = PBXCopyFilesBuildPhase;
			buildActionMask = 2147483647;
			dstPath = /usr/share/man/man1/;
			dstSubfolderSpec = 0;
			files = (
			);
			runOnlyForDeploymentPostprocessing = 1;
		};
/* End PBXCopyFilesBuildPhase section */

/* Begin PBXFileReference section */
		F5A725141C7941A70022C45A /* Data-Structures */ = {isa = PBXFileReference; explicitFileType = "compiled.mach-o.executable"; includeInIndex = 0; path = "Data-Structures"; sourceTree = BUILT_PRODUCTS_DIR; };
		F5A725171C7941A70022C45A /* main.c */ = {isa = PBXFileReference; lastKnownFileType = sourcecode.c.c; path = main.c; sourceTree = "<group>"; };
		F5A7251E1C7942E50022C45A /* Stack.c */ = {isa = PBXFileReference; fileEncoding = 4; lastKnownFileType = sourcecode.c.c; name = Stack.c; path = Elementary/Stack.c; sourceTree = "<group>"; };
		F5A7251F1C7942E50022C45A /* Stack.h */ = {isa = PBXFileReference; fileEncoding = 4; lastKnownFileType = sourcecode.c.h; name = Stack.h; path = Elementary/Stack.h; sourceTree = "<group>"; };
		F5A725211C7944090022C45A /* Element.c */ = {isa = PBXFileReference; fileEncoding = 4; lastKnownFileType = sourcecode.c.c; path = Element.c; sourceTree = "<group>"; };
		F5A725221C7944090022C45A /* Element.h */ = {isa = PBXFileReference; fileEncoding = 4; lastKnownFileType = sourcecode.c.h; path = Element.h; sourceTree = "<group>"; };
		F5AF92E61C7AB30000543CA2 /* Queue.c */ = {isa = PBXFileReference; fileEncoding = 4; lastKnownFileType = sourcecode.c.c; name = Queue.c; path = Elementary/Queue.c; sourceTree = "<group>"; };
		F5AF92E71C7AB30000543CA2 /* Queue.h */ = {isa = PBXFileReference; fileEncoding = 4; lastKnownFileType = sourcecode.c.h; name = Queue.h; path = Elementary/Queue.h; sourceTree = "<group>"; };
/* End PBXFileReference section */

/* Begin PBXFrameworksBuildPhase section */
		F5A725111C7941A70022C45A /* Frameworks */ = {
			isa = PBXFrameworksBuildPhase;
			buildActionMask = 2147483647;
			files = (
			);
			runOnlyForDeploymentPostprocessing = 0;
		};
/* End PBXFrameworksBuildPhase section */

/* Begin PBXGroup section */
		F5A7250B1C7941A70022C45A = {
			isa = PBXGroup;
			children = (
				F5A725221C7944090022C45A /* Element.h */,
				F5A725211C7944090022C45A /* Element.c */,
				F5AF92E51C7AB2E200543CA2 /* Elementary */,
				F5A725161C7941A70022C45A /* Data-Structures */,
				F5A725151C7941A70022C45A /* Products */,
			);
			sourceTree = "<group>";
		};
		F5A725151C7941A70022C45A /* Products */ = {
			isa = PBXGroup;
			children = (
				F5A725141C7941A70022C45A /* Data-Structures */,
			);
			name = Products;
			sourceTree = "<group>";
		};
		F5A725161C7941A70022C45A /* Data-Structures */ = {
			isa = PBXGroup;
			children = (
				F5A725171C7941A70022C45A /* main.c */,
			);
			path = "Data-Structures";
			sourceTree = "<group>";
		};
		F5AF92E51C7AB2E200543CA2 /* Elementary */ = {
			isa = PBXGroup;
			children = (
				F5A7251F1C7942E50022C45A /* Stack.h */,
				F5A7251E1C7942E50022C45A /* Stack.c */,
				F5AF92E61C7AB30000543CA2 /* Queue.c */,
				F5AF92E71C7AB30000543CA2 /* Queue.h */,
			);
			name = Elementary;
			sourceTree = "<group>";
		};
/* End PBXGroup section */

/* Begin PBXNativeTarget section */
		F5A725131C7941A70022C45A /* Data-Structures */ = {
			isa = PBXNativeTarget;
			buildConfigurationList = F5A7251B1C7941A70022C45A /* Build configuration list for PBXNativeTarget "Data-Structures" */;
			buildPhases = (
				F5A725101C7941A70022C45A /* Sources */,
				F5A725111C7941A70022C45A /* Frameworks */,
				F5A725121C7941A70022C45A /* CopyFiles */,
			);
			buildRules = (
			);
			dependencies = (
			);
			name = "Data-Structures";
			productName = "Data-Structures";
			productReference = F5A725141C7941A70022C45A /* Data-Structures */;
			productType = "com.apple.product-type.tool";
		};
/* End PBXNativeTarget section */

/* Begin PBXProject section */
		F5A7250C1C7941A70022C45A /* Project object */ = {
			isa = PBXProject;
			attributes = {
				LastUpgradeCheck = 0720;
				ORGANIZATIONNAME = nil;
				TargetAttributes = {
					F5A725131C7941A70022C45A = {
						CreatedOnToolsVersion = 7.2.1;
					};
				};
			};
			buildConfigurationList = F5A7250F1C7941A70022C45A /* Build configuration list for PBXProject "Data-Structures" */;
			compatibilityVersion = "Xcode 3.2";
			developmentRegion = English;
			hasScannedForEncodings = 0;
			knownRegions = (
				en,
			);
			mainGroup = F5A7250B1C7941A70022C45A;
			productRefGroup = F5A725151C7941A70022C45A /* Products */;
			projectDirPath = "";
			projectRoot = "";
			targets = (
				F5A725131C7941A70022C45A /* Data-Structures */,
			);
		};
/* End PBXProject section */

/* Begin PBXSourcesBuildPhase section */
		F5A725101C7941A70022C45A /* Sources */ = {
			isa = PBXSourcesBuildPhase;
			buildActionMask = 2147483647;
			files = (
				F5A725231C7944090022C45A /* Element.c in Sources */,
				F5AF92E81C7AB30000543CA2 /* Queue.c in Sources */,
				F5A725201C7942E50022C45A /* Stack.c in Sources */,
				F5A725181C7941A70022C45A /* main.c in Sources */,
			);
			runOnlyForDeploymentPostprocessing = 0;
		};
/* End PBXSourcesBuildPhase section */

/* Begin XCBuildConfiguration section */
		F5A725191C7941A70022C45A /* Debug */ = {
			isa = XCBuildConfiguration;
			buildSettings = {
				ALWAYS_SEARCH_USER_PATHS = NO;
				CLANG_CXX_LANGUAGE_STANDARD = "gnu++0x";
				CLANG_CXX_LIBRARY = "libc++";
				CLANG_ENABLE_MODULES = YES;
				CLANG_ENABLE_OBJC_ARC = YES;
				CLANG_WARN_BOOL_CONVERSION = YES;
				CLANG_WARN_CONSTANT_CONVERSION = YES;
				CLANG_WARN_DIRECT_OBJC_ISA_USAGE = YES_ERROR;
				CLANG_WARN_EMPTY_BODY = YES;
				CLANG_WARN_ENUM_CONVERSION = YES;
				CLANG_WARN_INT_CONVERSION = YES;
				CLANG_WARN_OBJC_ROOT_CLASS = YES_ERROR;
				CLANG_WARN_UNREACHABLE_CODE = YES;
				CLANG_WARN__DUPLICATE_METHOD_MATCH = YES;
				CODE_SIGN_IDENTITY = "-";
				COPY_PHASE_STRIP = NO;
				DEBUG_INFORMATION_FORMAT = dwarf;
				ENABLE_STRICT_OBJC_MSGSEND = YES;
				ENABLE_TESTABILITY = YES;
				GCC_C_LANGUAGE_STANDARD = gnu99;
				GCC_DYNAMIC_NO_PIC = NO;
				GCC_NO_COMMON_BLOCKS = YES;
				GCC_OPTIMIZATION_LEVEL = 0;
				GCC_PREPROCESSOR_DEFINITIONS = (
					"DEBUG=1",
					"$(inherited)",
				);
				GCC_WARN_64_TO_32_BIT_CONVERSION = YES;
				GCC_WARN_ABOUT_RETURN_TYPE = YES_ERROR;
				GCC_WARN_UNDECLARED_SELECTOR = YES;
				GCC_WARN_UNINITIALIZED_AUTOS = YES_AGGRESSIVE;
				GCC_WARN_UNUSED_FUNCTION = YES;
				GCC_WARN_UNUSED_VARIABLE = YES;
				MACOSX_DEPLOYMENT_TARGET = 10.11;
				MTL_ENABLE_DEBUG_INFO = YES;
				ONLY_ACTIVE_ARCH = YES;
				SDKROOT = macosx;
			};
			name = Debug;
		};
		F5A7251A1C7941A70022C45A /* Release */ = {
			isa = XCBuildConfiguration;
			buildSettings = {
				ALWAYS_SEARCH_USER_PATHS = NO;
				CLANG_CXX_LANGUAGE_STANDARD = "gnu++0x";
				CLANG_CXX_LIBRARY = "libc++";
				CLANG_ENABLE_MODULES = YES;
				CLANG_ENABLE_OBJC_ARC = YES;
				CLANG_WARN_BOOL_CONVERSION = YES;
				CLANG_WARN_CONSTANT_CONVERSION = YES;
				CLANG_WARN_DIRECT_OBJC_ISA_USAGE = YES_ERROR;
				CLANG_WARN_EMPTY_BODY = YES;
				CLANG_WARN_ENUM_CONVERSION = YES;
				CLANG_WARN_INT_CONVERSION = YES;
				CLANG_WARN_OBJC_ROOT_CLASS = YES_ERROR;
				CLANG_WARN_UNREACHABLE_CODE = YES;
				CLANG_WARN__DUPLICATE_METHOD_MATCH = YES;
				CODE_SIGN_IDENTITY = "-";
				COPY_PHASE_STRIP = NO;
				DEBUG_INFORMATION_FORMAT = "dwarf-with-dsym";
				ENABLE_NS_ASSERTIONS = NO;
				ENABLE_STRICT_OBJC_MSGSEND = YES;
				GCC_C_LANGUAGE_STANDARD = gnu99;
				GCC_NO_COMMON_BLOCKS = YES;
				GCC_WARN_64_TO_32_BIT_CONVERSION = YES;
				GCC_WARN_ABOUT_RETURN_TYPE = YES_ERROR;
				GCC_WARN_UNDECLARED_SELECTOR = YES;
				GCC_WARN_UNINITIALIZED_AUTOS = YES_AGGRESSIVE;
				GCC_WARN_UNUSED_FUNCTION = YES;
				GCC_WARN_UNUSED_VARIABLE = YES;
				MACOSX_DEPLOYMENT_TARGET = 10.11;
				MTL_ENABLE_DEBUG_INFO = NO;
				SDKROOT = macosx;
			};
			name = Release;
		};
		F5A7251C1C7941A70022C45A /* Debug */ = {
			isa = XCBuildConfiguration;
			buildSettings = {
				PRODUCT_NAME = "$(TARGET_NAME)";
			};
			name = Debug;
		};
		F5A7251D1C7941A70022C45A /* Release */ = {
			isa = XCBuildConfiguration;
			buildSettings = {
				PRODUCT_NAME = "$(TARGET_NAME)";
			};
			name = Release;
		};
/* End XCBuildConfiguration section */

/* Begin XCConfigurationList section */
		F5A7250F1C7941A70022C45A /* Build configuration list for PBXProject "Data-Structures" */ = {
			isa = XCConfigurationList;
			buildConfigurations = (
				F5A725191C7941A70022C45A /* Debug */,
				F5A7251A1C7941A70022C45A /* Release */,
			);
			defaultConfigurationIsVisible = 0;
			defaultConfigurationName = Release;
		};
		F5A7251B1C7941A70022C45A /* Build configuration list for PBXNativeTarget "Data-Structures" */ = {
			isa = XCConfigurationList;
			buildConfigurations = (
				F5A7251C1C7941A70022C45A /* Debug */,
				F5A7251D1C7941A70022C45A /* Release */,
			);
			defaultConfigurationIsVisible = 0;
			defaultConfigurationName = Release;
		};
/* End XCConfigurationList section */
	};
	rootObject = F5A7250C1C7941A70022C45A /* Project object */;
}
